// !$*UTF8*$!
{
	archiveVersion = 1;
	classes = {
	};
	objectVersion = 55;
	objects = {

/* Begin PBXBuildFile section */
		6B8C5B22D9A6A8CE53DE0B11 /* Pods_ExampleFastboard.framework in Frameworks */ = {isa = PBXBuildFile; fileRef = E44D91500F1A2325B9704E9A /* Pods_ExampleFastboard.framework */; };
		8AAE135627CDBF0400233B07 /* AppDelegate.swift in Sources */ = {isa = PBXBuildFile; fileRef = 8AAE135527CDBF0400233B07 /* AppDelegate.swift */; };
		8AAE135827CDBF0400233B07 /* SceneDelegate.swift in Sources */ = {isa = PBXBuildFile; fileRef = 8AAE135727CDBF0400233B07 /* SceneDelegate.swift */; };
		8AAE135A27CDBF0400233B07 /* ViewController.swift in Sources */ = {isa = PBXBuildFile; fileRef = 8AAE135927CDBF0400233B07 /* ViewController.swift */; };
		8AAE135D27CDBF0400233B07 /* Main.storyboard in Resources */ = {isa = PBXBuildFile; fileRef = 8AAE135B27CDBF0400233B07 /* Main.storyboard */; };
		8AAE135F27CDBF0500233B07 /* Assets.xcassets in Resources */ = {isa = PBXBuildFile; fileRef = 8AAE135E27CDBF0500233B07 /* Assets.xcassets */; };
		8AAE136227CDBF0500233B07 /* LaunchScreen.storyboard in Resources */ = {isa = PBXBuildFile; fileRef = 8AAE136027CDBF0500233B07 /* LaunchScreen.storyboard */; };
/* End PBXBuildFile section */

/* Begin PBXFileReference section */
		8AAE135227CDBF0400233B07 /* ExampleFastboard.app */ = {isa = PBXFileReference; explicitFileType = wrapper.application; includeInIndex = 0; path = ExampleFastboard.app; sourceTree = BUILT_PRODUCTS_DIR; };
		8AAE135527CDBF0400233B07 /* AppDelegate.swift */ = {isa = PBXFileReference; lastKnownFileType = sourcecode.swift; path = AppDelegate.swift; sourceTree = "<group>"; };
		8AAE135727CDBF0400233B07 /* SceneDelegate.swift */ = {isa = PBXFileReference; lastKnownFileType = sourcecode.swift; path = SceneDelegate.swift; sourceTree = "<group>"; };
		8AAE135927CDBF0400233B07 /* ViewController.swift */ = {isa = PBXFileReference; lastKnownFileType = sourcecode.swift; path = ViewController.swift; sourceTree = "<group>"; };
		8AAE135C27CDBF0400233B07 /* Base */ = {isa = PBXFileReference; lastKnownFileType = file.storyboard; name = Base; path = Base.lproj/Main.storyboard; sourceTree = "<group>"; };
		8AAE135E27CDBF0500233B07 /* Assets.xcassets */ = {isa = PBXFileReference; lastKnownFileType = folder.assetcatalog; path = Assets.xcassets; sourceTree = "<group>"; };
		8AAE136127CDBF0500233B07 /* Base */ = {isa = PBXFileReference; lastKnownFileType = file.storyboard; name = Base; path = Base.lproj/LaunchScreen.storyboard; sourceTree = "<group>"; };
		8AAE136327CDBF0500233B07 /* Info.plist */ = {isa = PBXFileReference; lastKnownFileType = text.plist.xml; path = Info.plist; sourceTree = "<group>"; };
		98E0A2AA8E47C61F9E8EF5B9 /* Pods-ExampleFastboard.debug.xcconfig */ = {isa = PBXFileReference; includeInIndex = 1; lastKnownFileType = text.xcconfig; name = "Pods-ExampleFastboard.debug.xcconfig"; path = "Target Support Files/Pods-ExampleFastboard/Pods-ExampleFastboard.debug.xcconfig"; sourceTree = "<group>"; };
		A58CA24A297B72014911AD42 /* Pods-ExampleFastboard.release.xcconfig */ = {isa = PBXFileReference; includeInIndex = 1; lastKnownFileType = text.xcconfig; name = "Pods-ExampleFastboard.release.xcconfig"; path = "Target Support Files/Pods-ExampleFastboard/Pods-ExampleFastboard.release.xcconfig"; sourceTree = "<group>"; };
		E44D91500F1A2325B9704E9A /* Pods_ExampleFastboard.framework */ = {isa = PBXFileReference; explicitFileType = wrapper.framework; includeInIndex = 0; path = Pods_ExampleFastboard.framework; sourceTree = BUILT_PRODUCTS_DIR; };
/* End PBXFileReference section */

/* Begin PBXFrameworksBuildPhase section */
		8AAE134F27CDBF0400233B07 /* Frameworks */ = {
			isa = PBXFrameworksBuildPhase;
			buildActionMask = 2147483647;
			files = (
				6B8C5B22D9A6A8CE53DE0B11 /* Pods_ExampleFastboard.framework in Frameworks */,
			);
			runOnlyForDeploymentPostprocessing = 0;
		};
/* End PBXFrameworksBuildPhase section */

/* Begin PBXGroup section */
		118D9BC0340101BC85C3DC44 /* Frameworks */ = {
			isa = PBXGroup;
			children = (
				E44D91500F1A2325B9704E9A /* Pods_ExampleFastboard.framework */,
			);
			name = Frameworks;
			sourceTree = "<group>";
		};
		3FAE2AC54B84552A5605723E /* Pods */ = {
			isa = PBXGroup;
			children = (
				98E0A2AA8E47C61F9E8EF5B9 /* Pods-ExampleFastboard.debug.xcconfig */,
				A58CA24A297B72014911AD42 /* Pods-ExampleFastboard.release.xcconfig */,
			);
			name = Pods;
			path = Pods;
			sourceTree = "<group>";
		};
		8AAE134927CDBF0400233B07 = {
			isa = PBXGroup;
			children = (
				8AAE135427CDBF0400233B07 /* ExampleFastboard */,
				8AAE135327CDBF0400233B07 /* Products */,
				3FAE2AC54B84552A5605723E /* Pods */,
				118D9BC0340101BC85C3DC44 /* Frameworks */,
			);
			sourceTree = "<group>";
		};
		8AAE135327CDBF0400233B07 /* Products */ = {
			isa = PBXGroup;
			children = (
				8AAE135227CDBF0400233B07 /* ExampleFastboard.app */,
			);
			name = Products;
			sourceTree = "<group>";
		};
		8AAE135427CDBF0400233B07 /* ExampleFastboard */ = {
			isa = PBXGroup;
			children = (
				8AAE135527CDBF0400233B07 /* AppDelegate.swift */,
				8AAE135727CDBF0400233B07 /* SceneDelegate.swift */,
				8AAE135927CDBF0400233B07 /* ViewController.swift */,
				8AAE135B27CDBF0400233B07 /* Main.storyboard */,
				8AAE135E27CDBF0500233B07 /* Assets.xcassets */,
				8AAE136027CDBF0500233B07 /* LaunchScreen.storyboard */,
				8AAE136327CDBF0500233B07 /* Info.plist */,
			);
			path = ExampleFastboard;
			sourceTree = "<group>";
		};
/* End PBXGroup section */

/* Begin PBXNativeTarget section */
		8AAE135127CDBF0400233B07 /* ExampleFastboard */ = {
			isa = PBXNativeTarget;
			buildConfigurationList = 8AAE136627CDBF0500233B07 /* Build configuration list for PBXNativeTarget "ExampleFastboard" */;
			buildPhases = (
				132861C10B55D0B8EF448904 /* [CP] Check Pods Manifest.lock */,
				8AAE134E27CDBF0400233B07 /* Sources */,
				8AAE134F27CDBF0400233B07 /* Frameworks */,
				8AAE135027CDBF0400233B07 /* Resources */,
				8954BB7315E80F40F9BC835D /* [CP] Embed Pods Frameworks */,
			);
			buildRules = (
			);
			dependencies = (
			);
			name = ExampleFastboard;
			productName = ExampleFastboard;
			productReference = 8AAE135227CDBF0400233B07 /* ExampleFastboard.app */;
			productType = "com.apple.product-type.application";
		};
/* End PBXNativeTarget section */

/* Begin PBXProject section */
		8AAE134A27CDBF0400233B07 /* Project object */ = {
			isa = PBXProject;
			attributes = {
				BuildIndependentTargetsInParallel = 1;
				LastSwiftUpdateCheck = 1320;
				LastUpgradeCheck = 1320;
				TargetAttributes = {
					8AAE135127CDBF0400233B07 = {
						CreatedOnToolsVersion = 13.2.1;
					};
				};
			};
			buildConfigurationList = 8AAE134D27CDBF0400233B07 /* Build configuration list for PBXProject "ExampleFastboard" */;
			compatibilityVersion = "Xcode 13.0";
			developmentRegion = en;
			hasScannedForEncodings = 0;
			knownRegions = (
				en,
				Base,
			);
			mainGroup = 8AAE134927CDBF0400233B07;
			productRefGroup = 8AAE135327CDBF0400233B07 /* Products */;
			projectDirPath = "";
			projectRoot = "";
			targets = (
				8AAE135127CDBF0400233B07 /* ExampleFastboard */,
			);
		};
/* End PBXProject section */

/* Begin PBXResourcesBuildPhase section */
		8AAE135027CDBF0400233B07 /* Resources */ = {
			isa = PBXResourcesBuildPhase;
			buildActionMask = 2147483647;
			files = (
				8AAE136227CDBF0500233B07 /* LaunchScreen.storyboard in Resources */,
				8AAE135F27CDBF0500233B07 /* Assets.xcassets in Resources */,
				8AAE135D27CDBF0400233B07 /* Main.storyboard in Resources */,
			);
			runOnlyForDeploymentPostprocessing = 0;
		};
/* End PBXResourcesBuildPhase section */

/* Begin PBXShellScriptBuildPhase section */
		132861C10B55D0B8EF448904 /* [CP] Check Pods Manifest.lock */ = {
			isa = PBXShellScriptBuildPhase;
			buildActionMask = 2147483647;
			files = (
			);
			inputFileListPaths = (
			);
			inputPaths = (
				"${PODS_PODFILE_DIR_PATH}/Podfile.lock",
				"${PODS_ROOT}/Manifest.lock",
			);
			name = "[CP] Check Pods Manifest.lock";
			outputFileListPaths = (
			);
			outputPaths = (
				"$(DERIVED_FILE_DIR)/Pods-ExampleFastboard-checkManifestLockResult.txt",
			);
			runOnlyForDeploymentPostprocessing = 0;
			shellPath = /bin/sh;
			shellScript = "diff \"${PODS_PODFILE_DIR_PATH}/Podfile.lock\" \"${PODS_ROOT}/Manifest.lock\" > /dev/null\nif [ $? != 0 ] ; then\n    # print error to STDERR\n    echo \"error: The sandbox is not in sync with the Podfile.lock. Run 'pod install' or update your CocoaPods installation.\" >&2\n    exit 1\nfi\n# This output is used by Xcode 'outputs' to avoid re-running this script phase.\necho \"SUCCESS\" > \"${SCRIPT_OUTPUT_FILE_0}\"\n";
			showEnvVarsInLog = 0;
		};
		8954BB7315E80F40F9BC835D /* [CP] Embed Pods Frameworks */ = {
			isa = PBXShellScriptBuildPhase;
			buildActionMask = 2147483647;
			files = (
			);
			inputFileListPaths = (
				"${PODS_ROOT}/Target Support Files/Pods-ExampleFastboard/Pods-ExampleFastboard-frameworks-${CONFIGURATION}-input-files.xcfilelist",
			);
			name = "[CP] Embed Pods Frameworks";
			outputFileListPaths = (
				"${PODS_ROOT}/Target Support Files/Pods-ExampleFastboard/Pods-ExampleFastboard-frameworks-${CONFIGURATION}-output-files.xcfilelist",
			);
			runOnlyForDeploymentPostprocessing = 0;
			shellPath = /bin/sh;
			shellScript = "\"${PODS_ROOT}/Target Support Files/Pods-ExampleFastboard/Pods-ExampleFastboard-frameworks.sh\"\n";
			showEnvVarsInLog = 0;
		};
/* End PBXShellScriptBuildPhase section */

/* Begin PBXSourcesBuildPhase section */
		8AAE134E27CDBF0400233B07 /* Sources */ = {
			isa = PBXSourcesBuildPhase;
			buildActionMask = 2147483647;
			files = (
				8AAE135A27CDBF0400233B07 /* ViewController.swift in Sources */,
				8AAE135627CDBF0400233B07 /* AppDelegate.swift in Sources */,
				8AAE135827CDBF0400233B07 /* SceneDelegate.swift in Sources */,
			);
			runOnlyForDeploymentPostprocessing = 0;
		};
/* End PBXSourcesBuildPhase section */

/* Begin PBXVariantGroup section */
		8AAE135B27CDBF0400233B07 /* Main.storyboard */ = {
			isa = PBXVariantGroup;
			children = (
				8AAE135C27CDBF0400233B07 /* Base */,
			);
			name = Main.storyboard;
			sourceTree = "<group>";
		};
		8AAE136027CDBF0500233B07 /* LaunchScreen.storyboard */ = {
			isa = PBXVariantGroup;
			children = (
				8AAE136127CDBF0500233B07 /* Base */,
			);
			name = LaunchScreen.storyboard;
			sourceTree = "<group>";
		};
/* End PBXVariantGroup section */

/* Begin XCBuildConfiguration section */
		8AAE136427CDBF0500233B07 /* Debug */ = {
			isa = XCBuildConfiguration;
			buildSettings = {
				ALWAYS_SEARCH_USER_PATHS = NO;
				CLANG_ANALYZER_NONNULL = YES;
				CLANG_ANALYZER_NUMBER_OBJECT_CONVERSION = YES_AGGRESSIVE;
				CLANG_CXX_LANGUAGE_STANDARD = "gnu++17";
				CLANG_CXX_LIBRARY = "libc++";
				CLANG_ENABLE_MODULES = YES;
				CLANG_ENABLE_OBJC_ARC = YES;
				CLANG_ENABLE_OBJC_WEAK = YES;
				CLANG_WARN_BLOCK_CAPTURE_AUTORELEASING = YES;
				CLANG_WARN_BOOL_CONVERSION = YES;
				CLANG_WARN_COMMA = YES;
				CLANG_WARN_CONSTANT_CONVERSION = YES;
				CLANG_WARN_DEPRECATED_OBJC_IMPLEMENTATIONS = YES;
				CLANG_WARN_DIRECT_OBJC_ISA_USAGE = YES_ERROR;
				CLANG_WARN_DOCUMENTATION_COMMENTS = YES;
				CLANG_WARN_EMPTY_BODY = YES;
				CLANG_WARN_ENUM_CONVERSION = YES;
				CLANG_WARN_INFINITE_RECURSION = YES;
				CLANG_WARN_INT_CONVERSION = YES;
				CLANG_WARN_NON_LITERAL_NULL_CONVERSION = YES;
				CLANG_WARN_OBJC_IMPLICIT_RETAIN_SELF = YES;
				CLANG_WARN_OBJC_LITERAL_CONVERSION = YES;
				CLANG_WARN_OBJC_ROOT_CLASS = YES_ERROR;
				CLANG_WARN_QUOTED_INCLUDE_IN_FRAMEWORK_HEADER = YES;
				CLANG_WARN_RANGE_LOOP_ANALYSIS = YES;
				CLANG_WARN_STRICT_PROTOTYPES = YES;
				CLANG_WARN_SUSPICIOUS_MOVE = YES;
				CLANG_WARN_UNGUARDED_AVAILABILITY = YES_AGGRESSIVE;
				CLANG_WARN_UNREACHABLE_CODE = YES;
				CLANG_WARN__DUPLICATE_METHOD_MATCH = YES;
				COPY_PHASE_STRIP = NO;
				DEBUG_INFORMATION_FORMAT = dwarf;
				ENABLE_STRICT_OBJC_MSGSEND = YES;
				ENABLE_TESTABILITY = YES;
				GCC_C_LANGUAGE_STANDARD = gnu11;
				GCC_DYNAMIC_NO_PIC = NO;
				GCC_NO_COMMON_BLOCKS = YES;
				GCC_OPTIMIZATION_LEVEL = 0;
				GCC_PREPROCESSOR_DEFINITIONS = (
					"DEBUG=1",
					"$(inherited)",
				);
				GCC_WARN_64_TO_32_BIT_CONVERSION = YES;
				GCC_WARN_ABOUT_RETURN_TYPE = YES_ERROR;
				GCC_WARN_UNDECLARED_SELECTOR = YES;
				GCC_WARN_UNINITIALIZED_AUTOS = YES_AGGRESSIVE;
				GCC_WARN_UNUSED_FUNCTION = YES;
				GCC_WARN_UNUSED_VARIABLE = YES;
				IPHONEOS_DEPLOYMENT_TARGET = 15.2;
				MTL_ENABLE_DEBUG_INFO = INCLUDE_SOURCE;
				MTL_FAST_MATH = YES;
				ONLY_ACTIVE_ARCH = YES;
				SDKROOT = iphoneos;
				SWIFT_ACTIVE_COMPILATION_CONDITIONS = DEBUG;
				SWIFT_OPTIMIZATION_LEVEL = "-Onone";
			};
			name = Debug;
		};
		8AAE136527CDBF0500233B07 /* Release */ = {
			isa = XCBuildConfiguration;
			buildSettings = {
				ALWAYS_SEARCH_USER_PATHS = NO;
				CLANG_ANALYZER_NONNULL = YES;
				CLANG_ANALYZER_NUMBER_OBJECT_CONVERSION = YES_AGGRESSIVE;
				CLANG_CXX_LANGUAGE_STANDARD = "gnu++17";
				CLANG_CXX_LIBRARY = "libc++";
				CLANG_ENABLE_MODULES = YES;
				CLANG_ENABLE_OBJC_ARC = YES;
				CLANG_ENABLE_OBJC_WEAK = YES;
				CLANG_WARN_BLOCK_CAPTURE_AUTORELEASING = YES;
				CLANG_WARN_BOOL_CONVERSION = YES;
				CLANG_WARN_COMMA = YES;
				CLANG_WARN_CONSTANT_CONVERSION = YES;
				CLANG_WARN_DEPRECATED_OBJC_IMPLEMENTATIONS = YES;
				CLANG_WARN_DIRECT_OBJC_ISA_USAGE = YES_ERROR;
				CLANG_WARN_DOCUMENTATION_COMMENTS = YES;
				CLANG_WARN_EMPTY_BODY = YES;
				CLANG_WARN_ENUM_CONVERSION = YES;
				CLANG_WARN_INFINITE_RECURSION = YES;
				CLANG_WARN_INT_CONVERSION = YES;
				CLANG_WARN_NON_LITERAL_NULL_CONVERSION = YES;
				CLANG_WARN_OBJC_IMPLICIT_RETAIN_SELF = YES;
				CLANG_WARN_OBJC_LITERAL_CONVERSION = YES;
				CLANG_WARN_OBJC_ROOT_CLASS = YES_ERROR;
				CLANG_WARN_QUOTED_INCLUDE_IN_FRAMEWORK_HEADER = YES;
				CLANG_WARN_RANGE_LOOP_ANALYSIS = YES;
				CLANG_WARN_STRICT_PROTOTYPES = YES;
				CLANG_WARN_SUSPICIOUS_MOVE = YES;
				CLANG_WARN_UNGUARDED_AVAILABILITY = YES_AGGRESSIVE;
				CLANG_WARN_UNREACHABLE_CODE = YES;
				CLANG_WARN__DUPLICATE_METHOD_MATCH = YES;
				COPY_PHASE_STRIP = NO;
				DEBUG_INFORMATION_FORMAT = "dwarf-with-dsym";
				ENABLE_NS_ASSERTIONS = NO;
				ENABLE_STRICT_OBJC_MSGSEND = YES;
				GCC_C_LANGUAGE_STANDARD = gnu11;
				GCC_NO_COMMON_BLOCKS = YES;
				GCC_WARN_64_TO_32_BIT_CONVERSION = YES;
				GCC_WARN_ABOUT_RETURN_TYPE = YES_ERROR;
				GCC_WARN_UNDECLARED_SELECTOR = YES;
				GCC_WARN_UNINITIALIZED_AUTOS = YES_AGGRESSIVE;
				GCC_WARN_UNUSED_FUNCTION = YES;
				GCC_WARN_UNUSED_VARIABLE = YES;
				IPHONEOS_DEPLOYMENT_TARGET = 15.2;
				MTL_ENABLE_DEBUG_INFO = NO;
				MTL_FAST_MATH = YES;
				SDKROOT = iphoneos;
				SWIFT_COMPILATION_MODE = wholemodule;
				SWIFT_OPTIMIZATION_LEVEL = "-O";
				VALIDATE_PRODUCT = YES;
			};
			name = Release;
		};
		8AAE136727CDBF0500233B07 /* Debug */ = {
			isa = XCBuildConfiguration;
			baseConfigurationReference = 98E0A2AA8E47C61F9E8EF5B9 /* Pods-ExampleFastboard.debug.xcconfig */;
			buildSettings = {
				ASSETCATALOG_COMPILER_APPICON_NAME = AppIcon;
				ASSETCATALOG_COMPILER_GLOBAL_ACCENT_COLOR_NAME = AccentColor;
				CODE_SIGN_STYLE = Automatic;
				CURRENT_PROJECT_VERSION = 1;
				GENERATE_INFOPLIST_FILE = YES;
				INFOPLIST_FILE = ExampleFastboard/Info.plist;
				INFOPLIST_KEY_UIApplicationSupportsIndirectInputEvents = YES;
				INFOPLIST_KEY_UILaunchStoryboardName = LaunchScreen;
				INFOPLIST_KEY_UIMainStoryboardFile = Main;
				INFOPLIST_KEY_UISupportedInterfaceOrientations_iPad = "UIInterfaceOrientationPortrait UIInterfaceOrientationPortraitUpsideDown UIInterfaceOrientationLandscapeLeft UIInterfaceOrientationLandscapeRight";
				INFOPLIST_KEY_UISupportedInterfaceOrientations_iPhone = "UIInterfaceOrientationPortrait UIInterfaceOrientationLandscapeLeft UIInterfaceOrientationLandscapeRight";
				LD_RUNPATH_SEARCH_PATHS = (
					"$(inherited)",
					"@executable_path/Frameworks",
				);
				MARKETING_VERSION = 1.0;
				PRODUCT_BUNDLE_IDENTIFIER = io.agora.ExampleFastboard;
				PRODUCT_NAME = "$(TARGET_NAME)";
				SWIFT_EMIT_LOC_STRINGS = YES;
				SWIFT_VERSION = 5.0;
				TARGETED_DEVICE_FAMILY = "1,2";
			};
			name = Debug;
		};
		8AAE136827CDBF0500233B07 /* Release */ = {
			isa = XCBuildConfiguration;
			baseConfigurationReference = A58CA24A297B72014911AD42 /* Pods-ExampleFastboard.release.xcconfig */;
			buildSettings = {
				ASSETCATALOG_COMPILER_APPICON_NAME = AppIcon;
				ASSETCATALOG_COMPILER_GLOBAL_ACCENT_COLOR_NAME = AccentColor;
				CODE_SIGN_STYLE = Automatic;
				CURRENT_PROJECT_VERSION = 1;
				GENERATE_INFOPLIST_FILE = YES;
				INFOPLIST_FILE = ExampleFastboard/Info.plist;
				INFOPLIST_KEY_UIApplicationSupportsIndirectInputEvents = YES;
				INFOPLIST_KEY_UILaunchStoryboardName = LaunchScreen;
				INFOPLIST_KEY_UIMainStoryboardFile = Main;
				INFOPLIST_KEY_UISupportedInterfaceOrientations_iPad = "UIInterfaceOrientationPortrait UIInterfaceOrientationPortraitUpsideDown UIInterfaceOrientationLandscapeLeft UIInterfaceOrientationLandscapeRight";
				INFOPLIST_KEY_UISupportedInterfaceOrientations_iPhone = "UIInterfaceOrientationPortrait UIInterfaceOrientationLandscapeLeft UIInterfaceOrientationLandscapeRight";
				LD_RUNPATH_SEARCH_PATHS = (
					"$(inherited)",
					"@executable_path/Frameworks",
				);
				MARKETING_VERSION = 1.0;
				PRODUCT_BUNDLE_IDENTIFIER = io.agora.ExampleFastboard;
				PRODUCT_NAME = "$(TARGET_NAME)";
				SWIFT_EMIT_LOC_STRINGS = YES;
				SWIFT_VERSION = 5.0;
				TARGETED_DEVICE_FAMILY = "1,2";
			};
			name = Release;
		};
/* End XCBuildConfiguration section */

/* Begin XCConfigurationList section */
		8AAE134D27CDBF0400233B07 /* Build configuration list for PBXProject "ExampleFastboard" */ = {
			isa = XCConfigurationList;
			buildConfigurations = (
				8AAE136427CDBF0500233B07 /* Debug */,
				8AAE136527CDBF0500233B07 /* Release */,
			);
			defaultConfigurationIsVisible = 0;
			defaultConfigurationName = Release;
		};
		8AAE136627CDBF0500233B07 /* Build configuration list for PBXNativeTarget "ExampleFastboard" */ = {
			isa = XCConfigurationList;
			buildConfigurations = (
				8AAE136727CDBF0500233B07 /* Debug */,
				8AAE136827CDBF0500233B07 /* Release */,
			);
			defaultConfigurationIsVisible = 0;
			defaultConfigurationName = Release;
		};
/* End XCConfigurationList section */
	};
	rootObject = 8AAE134A27CDBF0400233B07 /* Project object */;
}
